{
    "_readme": [
        "This file locks the dependencies of your project to a known state",
        "Read more about it at https://getcomposer.org/doc/01-basic-usage.md#installing-dependencies",
        "This file is @generated automatically"
    ],
    "content-hash": "473be034e2fc268a023c24f36cc81f1d",
    "packages": [
        {
            "name": "milan-miscevic/inert",
            "version": "0.3",
            "source": {
                "type": "git",
                "url": "https://github.com/milan-miscevic/inert.git",
                "reference": "a0a9bac459e73194b605ea88bb09b3c9c01a3328"
            },
            "dist": {
                "type": "zip",
                "url": "https://api.github.com/repos/milan-miscevic/inert/zipball/a0a9bac459e73194b605ea88bb09b3c9c01a3328",
                "reference": "a0a9bac459e73194b605ea88bb09b3c9c01a3328",
                "shasum": ""
            },
            "type": "library",
            "autoload": {
                "psr-4": {
                    "Inert\\": "src/"
                }
            },
            "support": {
                "source": "https://github.com/milan-miscevic/inert/tree/0.3",
                "issues": "https://github.com/milan-miscevic/inert/issues"
            },
            "time": "2020-03-12T09:46:08+00:00"
        }
    ],
    "packages-dev": [],
    "aliases": [],
    "minimum-stability": "stable",
    "stability-flags": [],
    "prefer-stable": false,
    "prefer-lowest": false,
    "platform": [],
    "platform-dev": []
}
