{
    "_readme": [
        "This file locks the dependencies of your project to a known state",
        "Read more about it at https://getcomposer.org/doc/01-basic-usage.md#installing-dependencies",
        "This file is @generated automatically"
    ],
    "content-hash": "711db80f3b5132883e6a731ed976a2ab",
    "packages": [
        {
            "name": "milan-miscevic/inert",
            "version": "0.4",
            "source": {
                "type": "git",
                "url": "https://github.com/milan-miscevic/inert.git",
                "reference": "e649c033556983f931b7f798be827ac1560df2c9"
            },
            "dist": {
                "type": "zip",
                "url": "https://api.github.com/repos/milan-miscevic/inert/zipball/e649c033556983f931b7f798be827ac1560df2c9",
                "reference": "e649c033556983f931b7f798be827ac1560df2c9",
                "shasum": ""
            },
            "type": "library",
            "autoload": {
                "psr-4": {
                    "Inert\\": "src/"
                }
            },
            "support": {
                "source": "https://github.com/milan-miscevic/inert/tree/0.4",
                "issues": "https://github.com/milan-miscevic/inert/issues"
            },
            "time": "2020-03-13T12:30:32+00:00"
        }
    ],
    "packages-dev": [],
    "aliases": [],
    "minimum-stability": "stable",
    "stability-flags": [],
    "prefer-stable": false,
    "prefer-lowest": false,
    "platform": [],
    "platform-dev": []
}
